
Microsoft Visual Studio Solution File, Format Version 12.00
# Visual Studio Version 17
VisualStudioVersion = 17.5.002.0
MinimumVisualStudioVersion = 10.0.40219.1
Project("{9A19103F-16F7-4668-BE54-9A1E7A4F7556}") = "BusQuei", "BusQuei.csproj", "{2C56CD9C-C210-445E-B112-3A93610C06C5}"
EndProject
Global
	GlobalSection(SolutionConfigurationPlatforms) = preSolution
		Debug|Any CPU = Debug|Any CPU
		Release|Any CPU = Release|Any CPU
	EndGlobalSection
	GlobalSection(ProjectConfigurationPlatforms) = postSolution
		{2C56CD9C-C210-445E-B112-3A93610C06C5}.Debug|Any CPU.ActiveCfg = Debug|Any CPU
		{2C56CD9C-C210-445E-B112-3A93610C06C5}.Debug|Any CPU.Build.0 = Debug|Any CPU
		{2C56CD9C-C210-445E-B112-3A93610C06C5}.Release|Any CPU.ActiveCfg = Release|Any CPU
		{2C56CD9C-C210-445E-B112-3A93610C06C5}.Release|Any CPU.Build.0 = Release|Any CPU
	EndGlobalSection
	GlobalSection(SolutionProperties) = preSolution
		HideSolutionNode = FALSE
	EndGlobalSection
	GlobalSection(ExtensibilityGlobals) = postSolution
		SolutionGuid = {84F10D5E-1FD7-4A4F-82C8-D2AC2A66484C}
	EndGlobalSection
EndGlobal
